
Microsoft Visual Studio Solution File, Format Version 12.00
# Visual Studio 15
Project("{FAE04EC0-301F-11D3-BF4B-00C04F79EFBC}") = "interaction_ms", "interaction_ms\interaction_ms.csproj", "{FE09241B-5E63-4514-AEF4-A58761620CC9}"
EndProject
Global
	GlobalSection(SolutionConfigurationPlatforms) = preSolution
		Debug|Any CPU = Debug|Any CPU
		Release|Any CPU = Release|Any CPU
	EndGlobalSection
	GlobalSection(ProjectConfigurationPlatforms) = postSolution
		{FE09241B-5E63-4514-AEF4-A58761620CC9}.Debug|Any CPU.ActiveCfg = Debug|Any CPU
		{FE09241B-5E63-4514-AEF4-A58761620CC9}.Debug|Any CPU.Build.0 = Debug|Any CPU
		{FE09241B-5E63-4514-AEF4-A58761620CC9}.Release|Any CPU.ActiveCfg = Release|Any CPU
		{FE09241B-5E63-4514-AEF4-A58761620CC9}.Release|Any CPU.Build.0 = Release|Any CPU
	EndGlobalSection
EndGlobal
